
Microsoft Visual Studio Solution File, Format Version 12.00
# Visual Studio Version 17
VisualStudioVersion = 17.6.33717.318
MinimumVisualStudioVersion = 10.0.40219.1
Project("{FAE04EC0-301F-11D3-BF4B-00C04F79EFBC}") = "WSVentas", "WSVentas\WSVentas.csproj", "{3BB22D19-B956-41BB-8706-B6673F742353}"
EndProject
Global
	GlobalSection(SolutionConfigurationPlatforms) = preSolution
		Debug|Any CPU = Debug|Any CPU
		Release|Any CPU = Release|Any CPU
	EndGlobalSection
	GlobalSection(ProjectConfigurationPlatforms) = postSolution
		{3BB22D19-B956-41BB-8706-B6673F742353}.Debug|Any CPU.ActiveCfg = Debug|Any CPU
		{3BB22D19-B956-41BB-8706-B6673F742353}.Debug|Any CPU.Build.0 = Debug|Any CPU
		{3BB22D19-B956-41BB-8706-B6673F742353}.Release|Any CPU.ActiveCfg = Release|Any CPU
		{3BB22D19-B956-41BB-8706-B6673F742353}.Release|Any CPU.Build.0 = Release|Any CPU
	EndGlobalSection
	GlobalSection(SolutionProperties) = preSolution
		HideSolutionNode = FALSE
	EndGlobalSection
	GlobalSection(ExtensibilityGlobals) = postSolution
		SolutionGuid = {9EDB441B-D84B-4AA9-BEBD-078B80D13859}
	EndGlobalSection
EndGlobal
